
Microsoft Visual Studio Solution File, Format Version 12.00
# Visual Studio Version 18
VisualStudioVersion = 18.3.11222.16 d18.3
MinimumVisualStudioVersion = 10.0.40219.1
Project("{9A19103F-16F7-4668-BE54-9A1E7A4F7556}") = "EasyConsoleApplication", "EasyConsoleApplication\EasyConsoleApplication.csproj", "{724D2606-6253-4A3B-BCC4-8F03CBC8CAB2}"
EndProject
Project("{9A19103F-16F7-4668-BE54-9A1E7A4F7556}") = "EasyConsoleApplication.Example", "EasyConsoleApplication.Example\EasyConsoleApplication.Example.csproj", "{9EE6920A-8AB1-4105-8003-2A364AFA9D0C}"
EndProject
Project("{2150E333-8FDC-42A3-9474-1A3956D46DE8}") = "Solution Items", "Solution Items", "{652EE18A-E1BE-4333-8E08-4223B3969DFB}"
	ProjectSection(SolutionItems) = preProject
		..\.gitignore = ..\.gitignore
		..\build.ps1 = ..\build.ps1
		..\Changelog.md = ..\Changelog.md
		Directory.Build.props = Directory.Build.props
		..\LICENSE = ..\LICENSE
		..\README.md = ..\README.md
	EndProjectSection
EndProject
Global
	GlobalSection(SolutionConfigurationPlatforms) = preSolution
		Debug|Any CPU = Debug|Any CPU
		Release|Any CPU = Release|Any CPU
	EndGlobalSection
	GlobalSection(ProjectConfigurationPlatforms) = postSolution
		{724D2606-6253-4A3B-BCC4-8F03CBC8CAB2}.Debug|Any CPU.ActiveCfg = Debug|Any CPU
		{724D2606-6253-4A3B-BCC4-8F03CBC8CAB2}.Debug|Any CPU.Build.0 = Debug|Any CPU
		{724D2606-6253-4A3B-BCC4-8F03CBC8CAB2}.Release|Any CPU.ActiveCfg = Release|Any CPU
		{724D2606-6253-4A3B-BCC4-8F03CBC8CAB2}.Release|Any CPU.Build.0 = Release|Any CPU
		{9EE6920A-8AB1-4105-8003-2A364AFA9D0C}.Debug|Any CPU.ActiveCfg = Debug|Any CPU
		{9EE6920A-8AB1-4105-8003-2A364AFA9D0C}.Debug|Any CPU.Build.0 = Debug|Any CPU
		{9EE6920A-8AB1-4105-8003-2A364AFA9D0C}.Release|Any CPU.ActiveCfg = Release|Any CPU
		{9EE6920A-8AB1-4105-8003-2A364AFA9D0C}.Release|Any CPU.Build.0 = Release|Any CPU
	EndGlobalSection
	GlobalSection(SolutionProperties) = preSolution
		HideSolutionNode = FALSE
	EndGlobalSection
	GlobalSection(ExtensibilityGlobals) = postSolution
		SolutionGuid = {38F8E333-9DC3-47CA-91CF-BFA38B723FE7}
	EndGlobalSection
EndGlobal
